
Microsoft Visual Studio Solution File, Format Version 12.00
# Visual Studio Version 16
VisualStudioVersion = 16.0.29403.142
MinimumVisualStudioVersion = 10.0.40219.1
Project("{FAE04EC0-301F-11D3-BF4B-00C04F79EFBC}") = "ToawMapTranslater", "ToawMapTranslater\ToawMapTranslater.csproj", "{528351A3-3A1C-4A97-8C1B-11E3E251145A}"
EndProject
Project("{FAE04EC0-301F-11D3-BF4B-00C04F79EFBC}") = "BaiduTranslate", "BaiduTranslate\BaiduTranslate.csproj", "{D2EC0145-51AF-411B-8BC5-AD11B16ABE47}"
EndProject
Global
	GlobalSection(SolutionConfigurationPlatforms) = preSolution
		Debug|Any CPU = Debug|Any CPU
		Release|Any CPU = Release|Any CPU
	EndGlobalSection
	GlobalSection(ProjectConfigurationPlatforms) = postSolution
		{528351A3-3A1C-4A97-8C1B-11E3E251145A}.Debug|Any CPU.ActiveCfg = Debug|Any CPU
		{528351A3-3A1C-4A97-8C1B-11E3E251145A}.Debug|Any CPU.Build.0 = Debug|Any CPU
		{528351A3-3A1C-4A97-8C1B-11E3E251145A}.Release|Any CPU.ActiveCfg = Release|Any CPU
		{528351A3-3A1C-4A97-8C1B-11E3E251145A}.Release|Any CPU.Build.0 = Release|Any CPU
		{D2EC0145-51AF-411B-8BC5-AD11B16ABE47}.Debug|Any CPU.ActiveCfg = Debug|Any CPU
		{D2EC0145-51AF-411B-8BC5-AD11B16ABE47}.Debug|Any CPU.Build.0 = Debug|Any CPU
		{D2EC0145-51AF-411B-8BC5-AD11B16ABE47}.Release|Any CPU.ActiveCfg = Release|Any CPU
		{D2EC0145-51AF-411B-8BC5-AD11B16ABE47}.Release|Any CPU.Build.0 = Release|Any CPU
	EndGlobalSection
	GlobalSection(SolutionProperties) = preSolution
		HideSolutionNode = FALSE
	EndGlobalSection
	GlobalSection(ExtensibilityGlobals) = postSolution
		SolutionGuid = {FF7F77FA-C7E7-439B-B15C-AD9366EB47FF}
	EndGlobalSection
EndGlobal
